
Microsoft Visual Studio Solution File, Format Version 12.00
# Visual Studio 15
VisualStudioVersion = 15.0.27428.2015
MinimumVisualStudioVersion = 10.0.40219.1
Project("{FAE04EC0-301F-11D3-BF4B-00C04F79EFBC}") = "ExcelGeneratorExample", "ExcelGeneratorExample\ExcelGeneratorExample.csproj", "{5AC61A22-E8FA-4DCC-BF92-94E98ABD5A99}"
EndProject
Project("{FAE04EC0-301F-11D3-BF4B-00C04F79EFBC}") = "Msi.ExcelGenerator", "ExcelGenerator\Msi.ExcelGenerator.csproj", "{A1C504E8-C38A-4404-922F-F3C37BC9C234}"
EndProject
Global
	GlobalSection(SolutionConfigurationPlatforms) = preSolution
		Debug|Any CPU = Debug|Any CPU
		Release|Any CPU = Release|Any CPU
	EndGlobalSection
	GlobalSection(ProjectConfigurationPlatforms) = postSolution
		{5AC61A22-E8FA-4DCC-BF92-94E98ABD5A99}.Debug|Any CPU.ActiveCfg = Debug|Any CPU
		{5AC61A22-E8FA-4DCC-BF92-94E98ABD5A99}.Debug|Any CPU.Build.0 = Debug|Any CPU
		{5AC61A22-E8FA-4DCC-BF92-94E98ABD5A99}.Release|Any CPU.ActiveCfg = Release|Any CPU
		{5AC61A22-E8FA-4DCC-BF92-94E98ABD5A99}.Release|Any CPU.Build.0 = Release|Any CPU
		{A1C504E8-C38A-4404-922F-F3C37BC9C234}.Debug|Any CPU.ActiveCfg = Debug|Any CPU
		{A1C504E8-C38A-4404-922F-F3C37BC9C234}.Debug|Any CPU.Build.0 = Debug|Any CPU
		{A1C504E8-C38A-4404-922F-F3C37BC9C234}.Release|Any CPU.ActiveCfg = Release|Any CPU
		{A1C504E8-C38A-4404-922F-F3C37BC9C234}.Release|Any CPU.Build.0 = Release|Any CPU
	EndGlobalSection
	GlobalSection(SolutionProperties) = preSolution
		HideSolutionNode = FALSE
	EndGlobalSection
	GlobalSection(ExtensibilityGlobals) = postSolution
		SolutionGuid = {B47E77C2-5734-4BE1-93A9-AE110AB97DC8}
	EndGlobalSection
EndGlobal
